{"is_source_file": false, "format": null, "description": "", "external_files": [], "external_methods": [], "published": [], "classes": [], "methods": [], "calls": [], "search-terms": [], "state": 2, "file_id": 20, "knowledge_revision": 42, "git_revision": "4ee1863a833b08660bd826bb6a98bcac52f09b8b", "hash": "e9b4c3b42cef0193b7fddb548d37e652", "format-version": 4, "code-base-name": "default", "filename": "webtictactoe/post_process_status.lock", "revision_history": [{"42": "4ee1863a833b08660bd826bb6a98bcac52f09b8b"}]}